// !$*UTF8*$!
{
	archiveVersion = 1;
	classes = {
	};
	objectVersion = 50;
	objects = {

/* Begin PBXBuildFile section */
		08C050C82718CE9000300126 /* AppDelegate.swift in Sources */ = {isa = PBXBuildFile; fileRef = 08C050C72718CE9000300126 /* AppDelegate.swift */; };
		08C050CA2718CE9000300126 /* SceneDelegate.swift in Sources */ = {isa = PBXBuildFile; fileRef = 08C050C92718CE9000300126 /* SceneDelegate.swift */; };
		08C050D12718CE9200300126 /* Assets.xcassets in Resources */ = {isa = PBXBuildFile; fileRef = 08C050D02718CE9200300126 /* Assets.xcassets */; };
		08C050D42718CE9200300126 /* LaunchScreen.storyboard in Resources */ = {isa = PBXBuildFile; fileRef = 08C050D22718CE9200300126 /* LaunchScreen.storyboard */; };
		08C050E82719321300300126 /* SearchVC.swift in Sources */ = {isa = PBXBuildFile; fileRef = 08C050E72719321300300126 /* SearchVC.swift */; };
		08C050EB271932A000300126 /* FavoriteListVC.swift in Sources */ = {isa = PBXBuildFile; fileRef = 08C050EA271932A000300126 /* FavoriteListVC.swift */; };
		08C050EE2719E47B00300126 /* GBButton.swift in Sources */ = {isa = PBXBuildFile; fileRef = 08C050ED2719E47B00300126 /* GBButton.swift */; };
		08C050F12719F0A100300126 /* GBTextField.swift in Sources */ = {isa = PBXBuildFile; fileRef = 08C050F02719F0A100300126 /* GBTextField.swift */; };
		08C050F5271A7D7100300126 /* FollowerListVC.swift in Sources */ = {isa = PBXBuildFile; fileRef = 08C050F4271A7D7100300126 /* FollowerListVC.swift */; };
		08C050F8271A894000300126 /* String+Ext.swift in Sources */ = {isa = PBXBuildFile; fileRef = 08C050F7271A894000300126 /* String+Ext.swift */; };
		08C050FB271A8AE300300126 /* GBTitleLabel.swift in Sources */ = {isa = PBXBuildFile; fileRef = 08C050FA271A8AE300300126 /* GBTitleLabel.swift */; };
		08C050FE271A981100300126 /* GBBodyLabel.swift in Sources */ = {isa = PBXBuildFile; fileRef = 08C050FD271A981100300126 /* GBBodyLabel.swift */; };
		08C05101271B961500300126 /* GBAlertVC.swift in Sources */ = {isa = PBXBuildFile; fileRef = 08C05100271B961500300126 /* GBAlertVC.swift */; };
		08C05105271BB39900300126 /* UIViewController.EXT.swift in Sources */ = {isa = PBXBuildFile; fileRef = 08C05104271BB39900300126 /* UIViewController.EXT.swift */; };
		08C0512A271BDCEA00300126 /* User.swift in Sources */ = {isa = PBXBuildFile; fileRef = 08C05129271BDCEA00300126 /* User.swift */; };
		08C0512D271BDD0400300126 /* Follower.swift in Sources */ = {isa = PBXBuildFile; fileRef = 08C0512C271BDD0400300126 /* Follower.swift */; };
		08C05138271C447000300126 /* NetworkManagers.swift in Sources */ = {isa = PBXBuildFile; fileRef = 08C05137271C447000300126 /* NetworkManagers.swift */; };
		08C05161271CE3A900300126 /* ErrorMessage.swift in Sources */ = {isa = PBXBuildFile; fileRef = 08C05160271CE3A900300126 /* ErrorMessage.swift */; };
		08C05167271D5DA300300126 /* FollowerCell.swift in Sources */ = {isa = PBXBuildFile; fileRef = 08C05166271D5DA300300126 /* FollowerCell.swift */; };
		08C0516A271E64F200300126 /* GBAvatarImageView.swift in Sources */ = {isa = PBXBuildFile; fileRef = 08C05169271E64F200300126 /* GBAvatarImageView.swift */; };
		08C0516E271F226000300126 /* UIHelper.swift in Sources */ = {isa = PBXBuildFile; fileRef = 08C0516D271F226000300126 /* UIHelper.swift */; };
/* End PBXBuildFile section */

/* Begin PBXFileReference section */
		08C050C42718CE9000300126 /* GitBook.app */ = {isa = PBXFileReference; explicitFileType = wrapper.application; includeInIndex = 0; path = GitBook.app; sourceTree = BUILT_PRODUCTS_DIR; };
		08C050C72718CE9000300126 /* AppDelegate.swift */ = {isa = PBXFileReference; lastKnownFileType = sourcecode.swift; path = AppDelegate.swift; sourceTree = "<group>"; };
		08C050C92718CE9000300126 /* SceneDelegate.swift */ = {isa = PBXFileReference; lastKnownFileType = sourcecode.swift; path = SceneDelegate.swift; sourceTree = "<group>"; };
		08C050D02718CE9200300126 /* Assets.xcassets */ = {isa = PBXFileReference; lastKnownFileType = folder.assetcatalog; path = Assets.xcassets; sourceTree = "<group>"; };
		08C050D32718CE9200300126 /* Base */ = {isa = PBXFileReference; lastKnownFileType = file.storyboard; name = Base; path = Base.lproj/LaunchScreen.storyboard; sourceTree = "<group>"; };
		08C050E72719321300300126 /* SearchVC.swift */ = {isa = PBXFileReference; lastKnownFileType = sourcecode.swift; path = SearchVC.swift; sourceTree = "<group>"; };
		08C050EA271932A000300126 /* FavoriteListVC.swift */ = {isa = PBXFileReference; lastKnownFileType = sourcecode.swift; path = FavoriteListVC.swift; sourceTree = "<group>"; };
		08C050ED2719E47B00300126 /* GBButton.swift */ = {isa = PBXFileReference; lastKnownFileType = sourcecode.swift; path = GBButton.swift; sourceTree = "<group>"; };
		08C050F02719F0A100300126 /* GBTextField.swift */ = {isa = PBXFileReference; lastKnownFileType = sourcecode.swift; path = GBTextField.swift; sourceTree = "<group>"; };
		08C050F4271A7D7100300126 /* FollowerListVC.swift */ = {isa = PBXFileReference; lastKnownFileType = sourcecode.swift; path = FollowerListVC.swift; sourceTree = "<group>"; };
		08C050F7271A894000300126 /* String+Ext.swift */ = {isa = PBXFileReference; fileEncoding = 4; lastKnownFileType = sourcecode.swift; path = "String+Ext.swift"; sourceTree = "<group>"; };
		08C050FA271A8AE300300126 /* GBTitleLabel.swift */ = {isa = PBXFileReference; lastKnownFileType = sourcecode.swift; path = GBTitleLabel.swift; sourceTree = "<group>"; };
		08C050FD271A981100300126 /* GBBodyLabel.swift */ = {isa = PBXFileReference; lastKnownFileType = sourcecode.swift; path = GBBodyLabel.swift; sourceTree = "<group>"; };
		08C05100271B961500300126 /* GBAlertVC.swift */ = {isa = PBXFileReference; lastKnownFileType = sourcecode.swift; path = GBAlertVC.swift; sourceTree = "<group>"; };
		08C05104271BB39900300126 /* UIViewController.EXT.swift */ = {isa = PBXFileReference; lastKnownFileType = sourcecode.swift; path = UIViewController.EXT.swift; sourceTree = "<group>"; };
		08C05129271BDCEA00300126 /* User.swift */ = {isa = PBXFileReference; lastKnownFileType = sourcecode.swift; name = User.swift; path = GitBook.xcodeproj/User.swift; sourceTree = SOURCE_ROOT; };
		08C0512C271BDD0400300126 /* Follower.swift */ = {isa = PBXFileReference; lastKnownFileType = sourcecode.swift; name = Follower.swift; path = GitBook.xcodeproj/Follower.swift; sourceTree = SOURCE_ROOT; };
		08C05137271C447000300126 /* NetworkManagers.swift */ = {isa = PBXFileReference; lastKnownFileType = sourcecode.swift; name = NetworkManagers.swift; path = GitBook.xcodeproj/NetworkManagers.swift; sourceTree = SOURCE_ROOT; };
		08C0515B271CC07D00300126 /* Info.plist */ = {isa = PBXFileReference; fileEncoding = 4; lastKnownFileType = text.plist.xml; path = Info.plist; sourceTree = "<group>"; };
		08C05160271CE3A900300126 /* ErrorMessage.swift */ = {isa = PBXFileReference; lastKnownFileType = sourcecode.swift; path = ErrorMessage.swift; sourceTree = "<group>"; };
		08C05166271D5DA300300126 /* FollowerCell.swift */ = {isa = PBXFileReference; lastKnownFileType = sourcecode.swift; path = FollowerCell.swift; sourceTree = "<group>"; };
		08C05169271E64F200300126 /* GBAvatarImageView.swift */ = {isa = PBXFileReference; lastKnownFileType = sourcecode.swift; path = GBAvatarImageView.swift; sourceTree = "<group>"; };
		08C0516D271F226000300126 /* UIHelper.swift */ = {isa = PBXFileReference; lastKnownFileType = sourcecode.swift; path = UIHelper.swift; sourceTree = "<group>"; };
/* End PBXFileReference section */

/* Begin PBXFrameworksBuildPhase section */
		08C050C12718CE9000300126 /* Frameworks */ = {
			isa = PBXFrameworksBuildPhase;
			buildActionMask = 2147483647;
			files = (
			);
			runOnlyForDeploymentPostprocessing = 0;
		};
/* End PBXFrameworksBuildPhase section */

/* Begin PBXGroup section */
		08C050BB2718CE9000300126 = {
			isa = PBXGroup;
			children = (
				08C050C62718CE9000300126 /* GitBook */,
				08C050C52718CE9000300126 /* Products */,
			);
			sourceTree = "<group>";
		};
		08C050C52718CE9000300126 /* Products */ = {
			isa = PBXGroup;
			children = (
				08C050C42718CE9000300126 /* GitBook.app */,
			);
			name = Products;
			sourceTree = "<group>";
		};
		08C050C62718CE9000300126 /* GitBook */ = {
			isa = PBXGroup;
			children = (
				08C0515F271CE37B00300126 /* Utils */,
				08C05136271C443B00300126 /* Managers */,
				08C05125271BD7C400300126 /* Controllers */,
				08C05124271BD7BA00300126 /* Views */,
				08C05123271BD7AE00300126 /* Models */,
				08C050C72718CE9000300126 /* AppDelegate.swift */,
				08C050C92718CE9000300126 /* SceneDelegate.swift */,
				08C050D02718CE9200300126 /* Assets.xcassets */,
				08C0515B271CC07D00300126 /* Info.plist */,
				08C050D22718CE9200300126 /* LaunchScreen.storyboard */,
			);
			path = GitBook;
			sourceTree = "<group>";
		};
		08C05123271BD7AE00300126 /* Models */ = {
			isa = PBXGroup;
			children = (
				08C05129271BDCEA00300126 /* User.swift */,
				08C0512C271BDD0400300126 /* Follower.swift */,
			);
			path = Models;
			sourceTree = "<group>";
		};
		08C05124271BD7BA00300126 /* Views */ = {
			isa = PBXGroup;
			children = (
				08C05127271BD81900300126 /* Extensions */,
				08C05126271BD7D200300126 /* CustomViews */,
			);
			path = Views;
			sourceTree = "<group>";
		};
		08C05125271BD7C400300126 /* Controllers */ = {
			isa = PBXGroup;
			children = (
				08C050EA271932A000300126 /* FavoriteListVC.swift */,
				08C050E72719321300300126 /* SearchVC.swift */,
				08C05100271B961500300126 /* GBAlertVC.swift */,
				08C050F4271A7D7100300126 /* FollowerListVC.swift */,
			);
			path = Controllers;
			sourceTree = "<group>";
		};
		08C05126271BD7D200300126 /* CustomViews */ = {
			isa = PBXGroup;
			children = (
				08C05165271D5D6C00300126 /* Cells */,
				08C050ED2719E47B00300126 /* GBButton.swift */,
				08C050F02719F0A100300126 /* GBTextField.swift */,
				08C050FA271A8AE300300126 /* GBTitleLabel.swift */,
				08C050FD271A981100300126 /* GBBodyLabel.swift */,
				08C05169271E64F200300126 /* GBAvatarImageView.swift */,
			);
			path = CustomViews;
			sourceTree = "<group>";
		};
		08C05127271BD81900300126 /* Extensions */ = {
			isa = PBXGroup;
			children = (
				08C05104271BB39900300126 /* UIViewController.EXT.swift */,
				08C050F7271A894000300126 /* String+Ext.swift */,
			);
			path = Extensions;
			sourceTree = "<group>";
		};
		08C05136271C443B00300126 /* Managers */ = {
			isa = PBXGroup;
			children = (
				08C05137271C447000300126 /* NetworkManagers.swift */,
			);
			path = Managers;
			sourceTree = "<group>";
		};
		08C0515F271CE37B00300126 /* Utils */ = {
			isa = PBXGroup;
			children = (
				08C05160271CE3A900300126 /* ErrorMessage.swift */,
				08C0516D271F226000300126 /* UIHelper.swift */,
			);
			path = Utils;
			sourceTree = "<group>";
		};
		08C05165271D5D6C00300126 /* Cells */ = {
			isa = PBXGroup;
			children = (
				08C05166271D5DA300300126 /* FollowerCell.swift */,
			);
			path = Cells;
			sourceTree = "<group>";
		};
/* End PBXGroup section */

/* Begin PBXNativeTarget section */
		08C050C32718CE9000300126 /* GitBook */ = {
			isa = PBXNativeTarget;
			buildConfigurationList = 08C050D82718CE9200300126 /* Build configuration list for PBXNativeTarget "GitBook" */;
			buildPhases = (
				08C050C02718CE9000300126 /* Sources */,
				08C050C12718CE9000300126 /* Frameworks */,
				08C050C22718CE9000300126 /* Resources */,
			);
			buildRules = (
			);
			dependencies = (
			);
			name = GitBook;
			productName = GitBook;
			productReference = 08C050C42718CE9000300126 /* GitBook.app */;
			productType = "com.apple.product-type.application";
		};
/* End PBXNativeTarget section */

/* Begin PBXProject section */
		08C050BC2718CE9000300126 /* Project object */ = {
			isa = PBXProject;
			attributes = {
				LastSwiftUpdateCheck = 1240;
				LastUpgradeCheck = 1240;
				TargetAttributes = {
					08C050C32718CE9000300126 = {
						CreatedOnToolsVersion = 12.4;
					};
				};
			};
			buildConfigurationList = 08C050BF2718CE9000300126 /* Build configuration list for PBXProject "GitBook" */;
			compatibilityVersion = "Xcode 9.3";
			developmentRegion = en;
			hasScannedForEncodings = 0;
			knownRegions = (
				en,
				Base,
			);
			mainGroup = 08C050BB2718CE9000300126;
			productRefGroup = 08C050C52718CE9000300126 /* Products */;
			projectDirPath = "";
			projectRoot = "";
			targets = (
				08C050C32718CE9000300126 /* GitBook */,
			);
		};
/* End PBXProject section */

/* Begin PBXResourcesBuildPhase section */
		08C050C22718CE9000300126 /* Resources */ = {
			isa = PBXResourcesBuildPhase;
			buildActionMask = 2147483647;
			files = (
				08C050D42718CE9200300126 /* LaunchScreen.storyboard in Resources */,
				08C050D12718CE9200300126 /* Assets.xcassets in Resources */,
			);
			runOnlyForDeploymentPostprocessing = 0;
		};
/* End PBXResourcesBuildPhase section */

/* Begin PBXSourcesBuildPhase section */
		08C050C02718CE9000300126 /* Sources */ = {
			isa = PBXSourcesBuildPhase;
			buildActionMask = 2147483647;
			files = (
				08C05138271C447000300126 /* NetworkManagers.swift in Sources */,
				08C0512A271BDCEA00300126 /* User.swift in Sources */,
				08C0512D271BDD0400300126 /* Follower.swift in Sources */,
				08C050FB271A8AE300300126 /* GBTitleLabel.swift in Sources */,
				08C0516A271E64F200300126 /* GBAvatarImageView.swift in Sources */,
				08C050F12719F0A100300126 /* GBTextField.swift in Sources */,
				08C050EB271932A000300126 /* FavoriteListVC.swift in Sources */,
				08C05101271B961500300126 /* GBAlertVC.swift in Sources */,
				08C05167271D5DA300300126 /* FollowerCell.swift in Sources */,
				08C050E82719321300300126 /* SearchVC.swift in Sources */,
				08C050C82718CE9000300126 /* AppDelegate.swift in Sources */,
				08C050F5271A7D7100300126 /* FollowerListVC.swift in Sources */,
				08C050EE2719E47B00300126 /* GBButton.swift in Sources */,
				08C050F8271A894000300126 /* String+Ext.swift in Sources */,
				08C05161271CE3A900300126 /* ErrorMessage.swift in Sources */,
				08C0516E271F226000300126 /* UIHelper.swift in Sources */,
				08C05105271BB39900300126 /* UIViewController.EXT.swift in Sources */,
				08C050CA2718CE9000300126 /* SceneDelegate.swift in Sources */,
				08C050FE271A981100300126 /* GBBodyLabel.swift in Sources */,
			);
			runOnlyForDeploymentPostprocessing = 0;
		};
/* End PBXSourcesBuildPhase section */

/* Begin PBXVariantGroup section */
		08C050D22718CE9200300126 /* LaunchScreen.storyboard */ = {
			isa = PBXVariantGroup;
			children = (
				08C050D32718CE9200300126 /* Base */,
			);
			name = LaunchScreen.storyboard;
			sourceTree = "<group>";
		};
/* End PBXVariantGroup section */

/* Begin XCBuildConfiguration section */
		08C050D62718CE9200300126 /* Debug */ = {
			isa = XCBuildConfiguration;
			buildSettings = {
				ALWAYS_SEARCH_USER_PATHS = NO;
				CLANG_ANALYZER_NONNULL = YES;
				CLANG_ANALYZER_NUMBER_OBJECT_CONVERSION = YES_AGGRESSIVE;
				CLANG_CXX_LANGUAGE_STANDARD = "gnu++14";
				CLANG_CXX_LIBRARY = "libc++";
				CLANG_ENABLE_MODULES = YES;
				CLANG_ENABLE_OBJC_ARC = YES;
				CLANG_ENABLE_OBJC_WEAK = YES;
				CLANG_WARN_BLOCK_CAPTURE_AUTORELEASING = YES;
				CLANG_WARN_BOOL_CONVERSION = YES;
				CLANG_WARN_COMMA = YES;
				CLANG_WARN_CONSTANT_CONVERSION = YES;
				CLANG_WARN_DEPRECATED_OBJC_IMPLEMENTATIONS = YES;
				CLANG_WARN_DIRECT_OBJC_ISA_USAGE = YES_ERROR;
				CLANG_WARN_DOCUMENTATION_COMMENTS = YES;
				CLANG_WARN_EMPTY_BODY = YES;
				CLANG_WARN_ENUM_CONVERSION = YES;
				CLANG_WARN_INFINITE_RECURSION = YES;
				CLANG_WARN_INT_CONVERSION = YES;
				CLANG_WARN_NON_LITERAL_NULL_CONVERSION = YES;
				CLANG_WARN_OBJC_IMPLICIT_RETAIN_SELF = YES;
				CLANG_WARN_OBJC_LITERAL_CONVERSION = YES;
				CLANG_WARN_OBJC_ROOT_CLASS = YES_ERROR;
				CLANG_WARN_QUOTED_INCLUDE_IN_FRAMEWORK_HEADER = YES;
				CLANG_WARN_RANGE_LOOP_ANALYSIS = YES;
				CLANG_WARN_STRICT_PROTOTYPES = YES;
				CLANG_WARN_SUSPICIOUS_MOVE = YES;
				CLANG_WARN_UNGUARDED_AVAILABILITY = YES_AGGRESSIVE;
				CLANG_WARN_UNREACHABLE_CODE = YES;
				CLANG_WARN__DUPLICATE_METHOD_MATCH = YES;
				COPY_PHASE_STRIP = NO;
				DEBUG_INFORMATION_FORMAT = dwarf;
				ENABLE_STRICT_OBJC_MSGSEND = YES;
				ENABLE_TESTABILITY = YES;
				GCC_C_LANGUAGE_STANDARD = gnu11;
				GCC_DYNAMIC_NO_PIC = NO;
				GCC_NO_COMMON_BLOCKS = YES;
				GCC_OPTIMIZATION_LEVEL = 0;
				GCC_PREPROCESSOR_DEFINITIONS = (
					"DEBUG=1",
					"$(inherited)",
				);
				GCC_WARN_64_TO_32_BIT_CONVERSION = YES;
				GCC_WARN_ABOUT_RETURN_TYPE = YES_ERROR;
				GCC_WARN_UNDECLARED_SELECTOR = YES;
				GCC_WARN_UNINITIALIZED_AUTOS = YES_AGGRESSIVE;
				GCC_WARN_UNUSED_FUNCTION = YES;
				GCC_WARN_UNUSED_VARIABLE = YES;
				IPHONEOS_DEPLOYMENT_TARGET = 14.4;
				MTL_ENABLE_DEBUG_INFO = INCLUDE_SOURCE;
				MTL_FAST_MATH = YES;
				ONLY_ACTIVE_ARCH = YES;
				SDKROOT = iphoneos;
				SWIFT_ACTIVE_COMPILATION_CONDITIONS = DEBUG;
				SWIFT_OPTIMIZATION_LEVEL = "-Onone";
			};
			name = Debug;
		};
		08C050D72718CE9200300126 /* Release */ = {
			isa = XCBuildConfiguration;
			buildSettings = {
				ALWAYS_SEARCH_USER_PATHS = NO;
				CLANG_ANALYZER_NONNULL = YES;
				CLANG_ANALYZER_NUMBER_OBJECT_CONVERSION = YES_AGGRESSIVE;
				CLANG_CXX_LANGUAGE_STANDARD = "gnu++14";
				CLANG_CXX_LIBRARY = "libc++";
				CLANG_ENABLE_MODULES = YES;
				CLANG_ENABLE_OBJC_ARC = YES;
				CLANG_ENABLE_OBJC_WEAK = YES;
				CLANG_WARN_BLOCK_CAPTURE_AUTORELEASING = YES;
				CLANG_WARN_BOOL_CONVERSION = YES;
				CLANG_WARN_COMMA = YES;
				CLANG_WARN_CONSTANT_CONVERSION = YES;
				CLANG_WARN_DEPRECATED_OBJC_IMPLEMENTATIONS = YES;
				CLANG_WARN_DIRECT_OBJC_ISA_USAGE = YES_ERROR;
				CLANG_WARN_DOCUMENTATION_COMMENTS = YES;
				CLANG_WARN_EMPTY_BODY = YES;
				CLANG_WARN_ENUM_CONVERSION = YES;
				CLANG_WARN_INFINITE_RECURSION = YES;
				CLANG_WARN_INT_CONVERSION = YES;
				CLANG_WARN_NON_LITERAL_NULL_CONVERSION = YES;
				CLANG_WARN_OBJC_IMPLICIT_RETAIN_SELF = YES;
				CLANG_WARN_OBJC_LITERAL_CONVERSION = YES;
				CLANG_WARN_OBJC_ROOT_CLASS = YES_ERROR;
				CLANG_WARN_QUOTED_INCLUDE_IN_FRAMEWORK_HEADER = YES;
				CLANG_WARN_RANGE_LOOP_ANALYSIS = YES;
				CLANG_WARN_STRICT_PROTOTYPES = YES;
				CLANG_WARN_SUSPICIOUS_MOVE = YES;
				CLANG_WARN_UNGUARDED_AVAILABILITY = YES_AGGRESSIVE;
				CLANG_WARN_UNREACHABLE_CODE = YES;
				CLANG_WARN__DUPLICATE_METHOD_MATCH = YES;
				COPY_PHASE_STRIP = NO;
				DEBUG_INFORMATION_FORMAT = "dwarf-with-dsym";
				ENABLE_NS_ASSERTIONS = NO;
				ENABLE_STRICT_OBJC_MSGSEND = YES;
				GCC_C_LANGUAGE_STANDARD = gnu11;
				GCC_NO_COMMON_BLOCKS = YES;
				GCC_WARN_64_TO_32_BIT_CONVERSION = YES;
				GCC_WARN_ABOUT_RETURN_TYPE = YES_ERROR;
				GCC_WARN_UNDECLARED_SELECTOR = YES;
				GCC_WARN_UNINITIALIZED_AUTOS = YES_AGGRESSIVE;
				GCC_WARN_UNUSED_FUNCTION = YES;
				GCC_WARN_UNUSED_VARIABLE = YES;
				IPHONEOS_DEPLOYMENT_TARGET = 14.4;
				MTL_ENABLE_DEBUG_INFO = NO;
				MTL_FAST_MATH = YES;
				SDKROOT = iphoneos;
				SWIFT_COMPILATION_MODE = wholemodule;
				SWIFT_OPTIMIZATION_LEVEL = "-O";
				VALIDATE_PRODUCT = YES;
			};
			name = Release;
		};
		08C050D92718CE9200300126 /* Debug */ = {
			isa = XCBuildConfiguration;
			buildSettings = {
				ASSETCATALOG_COMPILER_APPICON_NAME = AppIcon;
				ASSETCATALOG_COMPILER_GLOBAL_ACCENT_COLOR_NAME = AccentColor;
				CODE_SIGN_STYLE = Automatic;
				DEVELOPMENT_TEAM = HV597UH4PF;
				INFOPLIST_FILE = GitBook/Info.plist;
				IPHONEOS_DEPLOYMENT_TARGET = 13.6;
				LD_RUNPATH_SEARCH_PATHS = (
					"$(inherited)",
					"@executable_path/Frameworks",
				);
				PRODUCT_BUNDLE_IDENTIFIER = com.noshpeak.GitBook;
				PRODUCT_NAME = "$(TARGET_NAME)";
				SWIFT_VERSION = 5.0;
				TARGETED_DEVICE_FAMILY = 1;
			};
			name = Debug;
		};
		08C050DA2718CE9200300126 /* Release */ = {
			isa = XCBuildConfiguration;
			buildSettings = {
				ASSETCATALOG_COMPILER_APPICON_NAME = AppIcon;
				ASSETCATALOG_COMPILER_GLOBAL_ACCENT_COLOR_NAME = AccentColor;
				CODE_SIGN_STYLE = Automatic;
				DEVELOPMENT_TEAM = HV597UH4PF;
				INFOPLIST_FILE = GitBook/Info.plist;
				IPHONEOS_DEPLOYMENT_TARGET = 13.6;
				LD_RUNPATH_SEARCH_PATHS = (
					"$(inherited)",
					"@executable_path/Frameworks",
				);
				PRODUCT_BUNDLE_IDENTIFIER = com.noshpeak.GitBook;
				PRODUCT_NAME = "$(TARGET_NAME)";
				SWIFT_VERSION = 5.0;
				TARGETED_DEVICE_FAMILY = 1;
			};
			name = Release;
		};
/* End XCBuildConfiguration section */

/* Begin XCConfigurationList section */
		08C050BF2718CE9000300126 /* Build configuration list for PBXProject "GitBook" */ = {
			isa = XCConfigurationList;
			buildConfigurations = (
				08C050D62718CE9200300126 /* Debug */,
				08C050D72718CE9200300126 /* Release */,
			);
			defaultConfigurationIsVisible = 0;
			defaultConfigurationName = Release;
		};
		08C050D82718CE9200300126 /* Build configuration list for PBXNativeTarget "GitBook" */ = {
			isa = XCConfigurationList;
			buildConfigurations = (
				08C050D92718CE9200300126 /* Debug */,
				08C050DA2718CE9200300126 /* Release */,
			);
			defaultConfigurationIsVisible = 0;
			defaultConfigurationName = Release;
		};
/* End XCConfigurationList section */
	};
	rootObject = 08C050BC2718CE9000300126 /* Project object */;
}
